
Microsoft Visual Studio Solution File, Format Version 12.00
# Visual Studio Version 17
VisualStudioVersion = 17.5.002.0
MinimumVisualStudioVersion = 10.0.40219.1
Project("{9A19103F-16F7-4668-BE54-9A1E7A4F7556}") = "PlatformService", "PlatformService.csproj", "{DB286197-CE14-4438-BD52-F0B08691B609}"
EndProject
Global
	GlobalSection(SolutionConfigurationPlatforms) = preSolution
		Debug|Any CPU = Debug|Any CPU
		Release|Any CPU = Release|Any CPU
	EndGlobalSection
	GlobalSection(ProjectConfigurationPlatforms) = postSolution
		{DB286197-CE14-4438-BD52-F0B08691B609}.Debug|Any CPU.ActiveCfg = Debug|Any CPU
		{DB286197-CE14-4438-BD52-F0B08691B609}.Debug|Any CPU.Build.0 = Debug|Any CPU
		{DB286197-CE14-4438-BD52-F0B08691B609}.Release|Any CPU.ActiveCfg = Release|Any CPU
		{DB286197-CE14-4438-BD52-F0B08691B609}.Release|Any CPU.Build.0 = Release|Any CPU
	EndGlobalSection
	GlobalSection(SolutionProperties) = preSolution
		HideSolutionNode = FALSE
	EndGlobalSection
	GlobalSection(ExtensibilityGlobals) = postSolution
		SolutionGuid = {130D1284-62A4-410E-8F56-D1AD76D0BB08}
	EndGlobalSection
EndGlobal
